
Microsoft Visual Studio Solution File, Format Version 12.00
Project("{FAE04EC0-301F-11D3-BF4B-00C04F79EFBC}") = "LiveSale.Callscripts.Api", "src\LiveSale.Callscripts.Api\LiveSale.Callscripts.Api.csproj", "{7052C6EA-DABD-4F4D-A19A-2695B9C1DDBE}"
EndProject
Project("{FAE04EC0-301F-11D3-BF4B-00C04F79EFBC}") = "LiveSale.Callscripts.Core", "src\LiveSale.Callscripts.Core\LiveSale.Callscripts.Core.csproj", "{C39B6F39-2F0B-4F0D-A8DD-7538BDD7883B}"
EndProject
Global
	GlobalSection(SolutionConfigurationPlatforms) = preSolution
		Debug|Any CPU = Debug|Any CPU
		Release|Any CPU = Release|Any CPU
	EndGlobalSection
	GlobalSection(ProjectConfigurationPlatforms) = postSolution
		{7052C6EA-DABD-4F4D-A19A-2695B9C1DDBE}.Debug|Any CPU.ActiveCfg = Debug|Any CPU
		{7052C6EA-DABD-4F4D-A19A-2695B9C1DDBE}.Debug|Any CPU.Build.0 = Debug|Any CPU
		{7052C6EA-DABD-4F4D-A19A-2695B9C1DDBE}.Release|Any CPU.ActiveCfg = Release|Any CPU
		{7052C6EA-DABD-4F4D-A19A-2695B9C1DDBE}.Release|Any CPU.Build.0 = Release|Any CPU
		{C39B6F39-2F0B-4F0D-A8DD-7538BDD7883B}.Debug|Any CPU.ActiveCfg = Debug|Any CPU
		{C39B6F39-2F0B-4F0D-A8DD-7538BDD7883B}.Debug|Any CPU.Build.0 = Debug|Any CPU
		{C39B6F39-2F0B-4F0D-A8DD-7538BDD7883B}.Release|Any CPU.ActiveCfg = Release|Any CPU
		{C39B6F39-2F0B-4F0D-A8DD-7538BDD7883B}.Release|Any CPU.Build.0 = Release|Any CPU
	EndGlobalSection
EndGlobal
